PODS:
  - IGColorPicker (0.4.2):
    - M13Checkbox (~> 3.2.0)
  - M13Checkbox (3.2.2)

DEPENDENCIES:
  - IGColorPicker

SPEC REPOS:
  https://github.com/cocoapods/specs.git:
    - IGColorPicker
    - M13Checkbox

SPEC CHECKSUMS:
  IGColorPicker: c6d43aa386a9fdc8f958f3bd4e5ab85905242c8a
  M13Checkbox: a8c2491cfbbca10797925fd0b9154a782bf40d89

PODFILE CHECKSUM: 6169a2f7cdd8492bb92a12909814259b14f61bb9

COCOAPODS: 1.5.3
